{
    "_meta": {
        "hash": {
            "sha256": "89ae72329799530f731231bb3b3c66ef9f64273b88bbec710d2f43063b7c9028"
        },
        "pipfile-spec": 6,
        "requires": {
            "python_version": "3.13"
        },
        "sources": [
            {
                "name": "pypi",
                "url": "https://pypi.org/simple",
                "verify_ssl": true
            }
        ]
    },
    "default": {},
    "develop": {}
}
